// !$*UTF8*$!
{
	archiveVersion = 1;
	classes = {
	};
	objectVersion = 55;
	objects = {

/* Begin PBXBuildFile section */
		2B55E8EA2987EBF40091A3F9 /* swift_demoApp.swift in Sources */ = {isa = PBXBuildFile; fileRef = 2B55E8E92987EBF40091A3F9 /* swift_demoApp.swift */; };
		2B55E8EC2987EBF40091A3F9 /* ContentView.swift in Sources */ = {isa = PBXBuildFile; fileRef = 2B55E8EB2987EBF40091A3F9 /* ContentView.swift */; };
		2B55E8EE2987EBF60091A3F9 /* Assets.xcassets in Resources */ = {isa = PBXBuildFile; fileRef = 2B55E8ED2987EBF60091A3F9 /* Assets.xcassets */; };
		2B55E8F12987EBF60091A3F9 /* Preview Assets.xcassets in Resources */ = {isa = PBXBuildFile; fileRef = 2B55E8F02987EBF60091A3F9 /* Preview Assets.xcassets */; };
		2B55E8FB2987EBF70091A3F9 /* swift_demoTests.swift in Sources */ = {isa = PBXBuildFile; fileRef = 2B55E8FA2987EBF70091A3F9 /* swift_demoTests.swift */; };
		2B55E9052987EBF70091A3F9 /* swift_demoUITests.swift in Sources */ = {isa = PBXBuildFile; fileRef = 2B55E9042987EBF70091A3F9 /* swift_demoUITests.swift */; };
		2B55E9072987EBF70091A3F9 /* swift_demoUITestsLaunchTests.swift in Sources */ = {isa = PBXBuildFile; fileRef = 2B55E9062987EBF70091A3F9 /* swift_demoUITestsLaunchTests.swift */; };
/* End PBXBuildFile section */

/* Begin PBXContainerItemProxy section */
		2B55E8F72987EBF70091A3F9 /* PBXContainerItemProxy */ = {
			isa = PBXContainerItemProxy;
			containerPortal = 2B55E8DE2987EBF40091A3F9 /* Project object */;
			proxyType = 1;
			remoteGlobalIDString = 2B55E8E52987EBF40091A3F9;
			remoteInfo = swift_demo;
		};
		2B55E9012987EBF70091A3F9 /* PBXContainerItemProxy */ = {
			isa = PBXContainerItemProxy;
			containerPortal = 2B55E8DE2987EBF40091A3F9 /* Project object */;
			proxyType = 1;
			remoteGlobalIDString = 2B55E8E52987EBF40091A3F9;
			remoteInfo = swift_demo;
		};
/* End PBXContainerItemProxy section */

/* Begin PBXFileReference section */
		2B55E8E62987EBF40091A3F9 /* swift_demo.app */ = {isa = PBXFileReference; explicitFileType = wrapper.application; includeInIndex = 0; path = swift_demo.app; sourceTree = BUILT_PRODUCTS_DIR; };
		2B55E8E92987EBF40091A3F9 /* swift_demoApp.swift */ = {isa = PBXFileReference; lastKnownFileType = sourcecode.swift; path = swift_demoApp.swift; sourceTree = "<group>"; };
		2B55E8EB2987EBF40091A3F9 /* ContentView.swift */ = {isa = PBXFileReference; lastKnownFileType = sourcecode.swift; path = ContentView.swift; sourceTree = "<group>"; };
		2B55E8ED2987EBF60091A3F9 /* Assets.xcassets */ = {isa = PBXFileReference; lastKnownFileType = folder.assetcatalog; path = Assets.xcassets; sourceTree = "<group>"; };
		2B55E8F02987EBF60091A3F9 /* Preview Assets.xcassets */ = {isa = PBXFileReference; lastKnownFileType = folder.assetcatalog; path = "Preview Assets.xcassets"; sourceTree = "<group>"; };
		2B55E8F62987EBF70091A3F9 /* swift_demoTests.xctest */ = {isa = PBXFileReference; explicitFileType = wrapper.cfbundle; includeInIndex = 0; path = swift_demoTests.xctest; sourceTree = BUILT_PRODUCTS_DIR; };
		2B55E8FA2987EBF70091A3F9 /* swift_demoTests.swift */ = {isa = PBXFileReference; lastKnownFileType = sourcecode.swift; path = swift_demoTests.swift; sourceTree = "<group>"; };
		2B55E9002987EBF70091A3F9 /* swift_demoUITests.xctest */ = {isa = PBXFileReference; explicitFileType = wrapper.cfbundle; includeInIndex = 0; path = swift_demoUITests.xctest; sourceTree = BUILT_PRODUCTS_DIR; };
		2B55E9042987EBF70091A3F9 /* swift_demoUITests.swift */ = {isa = PBXFileReference; lastKnownFileType = sourcecode.swift; path = swift_demoUITests.swift; sourceTree = "<group>"; };
		2B55E9062987EBF70091A3F9 /* swift_demoUITestsLaunchTests.swift */ = {isa = PBXFileReference; lastKnownFileType = sourcecode.swift; path = swift_demoUITestsLaunchTests.swift; sourceTree = "<group>"; };
/* End PBXFileReference section */

/* Begin PBXFrameworksBuildPhase section */
		2B55E8E32987EBF40091A3F9 /* Frameworks */ = {
			isa = PBXFrameworksBuildPhase;
			buildActionMask = 2147483647;
			files = (
			);
			runOnlyForDeploymentPostprocessing = 0;
		};
		2B55E8F32987EBF70091A3F9 /* Frameworks */ = {
			isa = PBXFrameworksBuildPhase;
			buildActionMask = 2147483647;
			files = (
			);
			runOnlyForDeploymentPostprocessing = 0;
		};
		2B55E8FD2987EBF70091A3F9 /* Frameworks */ = {
			isa = PBXFrameworksBuildPhase;
			buildActionMask = 2147483647;
			files = (
			);
			runOnlyForDeploymentPostprocessing = 0;
		};
/* End PBXFrameworksBuildPhase section */

/* Begin PBXGroup section */
		2B55E8DD2987EBF40091A3F9 = {
			isa = PBXGroup;
			children = (
				2B55E8E82987EBF40091A3F9 /* swift_demo */,
				2B55E8F92987EBF70091A3F9 /* swift_demoTests */,
				2B55E9032987EBF70091A3F9 /* swift_demoUITests */,
				2B55E8E72987EBF40091A3F9 /* Products */,
			);
			sourceTree = "<group>";
		};
		2B55E8E72987EBF40091A3F9 /* Products */ = {
			isa = PBXGroup;
			children = (
				2B55E8E62987EBF40091A3F9 /* swift_demo.app */,
				2B55E8F62987EBF70091A3F9 /* swift_demoTests.xctest */,
				2B55E9002987EBF70091A3F9 /* swift_demoUITests.xctest */,
			);
			name = Products;
			sourceTree = "<group>";
		};
		2B55E8E82987EBF40091A3F9 /* swift_demo */ = {
			isa = PBXGroup;
			children = (
				2B55E8E92987EBF40091A3F9 /* swift_demoApp.swift */,
				2B55E8EB2987EBF40091A3F9 /* ContentView.swift */,
				2B55E8ED2987EBF60091A3F9 /* Assets.xcassets */,
				2B55E8EF2987EBF60091A3F9 /* Preview Content */,
			);
			path = swift_demo;
			sourceTree = "<group>";
		};
		2B55E8EF2987EBF60091A3F9 /* Preview Content */ = {
			isa = PBXGroup;
			children = (
				2B55E8F02987EBF60091A3F9 /* Preview Assets.xcassets */,
			);
			path = "Preview Content";
			sourceTree = "<group>";
		};
		2B55E8F92987EBF70091A3F9 /* swift_demoTests */ = {
			isa = PBXGroup;
			children = (
				2B55E8FA2987EBF70091A3F9 /* swift_demoTests.swift */,
			);
			path = swift_demoTests;
			sourceTree = "<group>";
		};
		2B55E9032987EBF70091A3F9 /* swift_demoUITests */ = {
			isa = PBXGroup;
			children = (
				2B55E9042987EBF70091A3F9 /* swift_demoUITests.swift */,
				2B55E9062987EBF70091A3F9 /* swift_demoUITestsLaunchTests.swift */,
			);
			path = swift_demoUITests;
			sourceTree = "<group>";
		};
/* End PBXGroup section */

/* Begin PBXNativeTarget section */
		2B55E8E52987EBF40091A3F9 /* swift_demo */ = {
			isa = PBXNativeTarget;
			buildConfigurationList = 2B55E90A2987EBF70091A3F9 /* Build configuration list for PBXNativeTarget "swift_demo" */;
			buildPhases = (
				2B55E8E22987EBF40091A3F9 /* Sources */,
				2B55E8E32987EBF40091A3F9 /* Frameworks */,
				2B55E8E42987EBF40091A3F9 /* Resources */,
			);
			buildRules = (
			);
			dependencies = (
			);
			name = swift_demo;
			productName = swift_demo;
			productReference = 2B55E8E62987EBF40091A3F9 /* swift_demo.app */;
			productType = "com.apple.product-type.application";
		};
		2B55E8F52987EBF70091A3F9 /* swift_demoTests */ = {
			isa = PBXNativeTarget;
			buildConfigurationList = 2B55E90D2987EBF70091A3F9 /* Build configuration list for PBXNativeTarget "swift_demoTests" */;
			buildPhases = (
				2B55E8F22987EBF70091A3F9 /* Sources */,
				2B55E8F32987EBF70091A3F9 /* Frameworks */,
				2B55E8F42987EBF70091A3F9 /* Resources */,
			);
			buildRules = (
			);
			dependencies = (
				2B55E8F82987EBF70091A3F9 /* PBXTargetDependency */,
			);
			name = swift_demoTests;
			productName = swift_demoTests;
			productReference = 2B55E8F62987EBF70091A3F9 /* swift_demoTests.xctest */;
			productType = "com.apple.product-type.bundle.unit-test";
		};
		2B55E8FF2987EBF70091A3F9 /* swift_demoUITests */ = {
			isa = PBXNativeTarget;
			buildConfigurationList = 2B55E9102987EBF70091A3F9 /* Build configuration list for PBXNativeTarget "swift_demoUITests" */;
			buildPhases = (
				2B55E8FC2987EBF70091A3F9 /* Sources */,
				2B55E8FD2987EBF70091A3F9 /* Frameworks */,
				2B55E8FE2987EBF70091A3F9 /* Resources */,
			);
			buildRules = (
			);
			dependencies = (
				2B55E9022987EBF70091A3F9 /* PBXTargetDependency */,
			);
			name = swift_demoUITests;
			productName = swift_demoUITests;
			productReference = 2B55E9002987EBF70091A3F9 /* swift_demoUITests.xctest */;
			productType = "com.apple.product-type.bundle.ui-testing";
		};
/* End PBXNativeTarget section */

/* Begin PBXProject section */
		2B55E8DE2987EBF40091A3F9 /* Project object */ = {
			isa = PBXProject;
			attributes = {
				BuildIndependentTargetsInParallel = 1;
				LastSwiftUpdateCheck = 1340;
				LastUpgradeCheck = 1340;
				TargetAttributes = {
					2B55E8E52987EBF40091A3F9 = {
						CreatedOnToolsVersion = 13.4.1;
					};
					2B55E8F52987EBF70091A3F9 = {
						CreatedOnToolsVersion = 13.4.1;
						TestTargetID = 2B55E8E52987EBF40091A3F9;
					};
					2B55E8FF2987EBF70091A3F9 = {
						CreatedOnToolsVersion = 13.4.1;
						TestTargetID = 2B55E8E52987EBF40091A3F9;
					};
				};
			};
			buildConfigurationList = 2B55E8E12987EBF40091A3F9 /* Build configuration list for PBXProject "swift_demo" */;
			compatibilityVersion = "Xcode 13.0";
			developmentRegion = en;
			hasScannedForEncodings = 0;
			knownRegions = (
				en,
				Base,
			);
			mainGroup = 2B55E8DD2987EBF40091A3F9;
			productRefGroup = 2B55E8E72987EBF40091A3F9 /* Products */;
			projectDirPath = "";
			projectRoot = "";
			targets = (
				2B55E8E52987EBF40091A3F9 /* swift_demo */,
				2B55E8F52987EBF70091A3F9 /* swift_demoTests */,
				2B55E8FF2987EBF70091A3F9 /* swift_demoUITests */,
			);
		};
/* End PBXProject section */

/* Begin PBXResourcesBuildPhase section */
		2B55E8E42987EBF40091A3F9 /* Resources */ = {
			isa = PBXResourcesBuildPhase;
			buildActionMask = 2147483647;
			files = (
				2B55E8F12987EBF60091A3F9 /* Preview Assets.xcassets in Resources */,
				2B55E8EE2987EBF60091A3F9 /* Assets.xcassets in Resources */,
			);
			runOnlyForDeploymentPostprocessing = 0;
		};
		2B55E8F42987EBF70091A3F9 /* Resources */ = {
			isa = PBXResourcesBuildPhase;
			buildActionMask = 2147483647;
			files = (
			);
			runOnlyForDeploymentPostprocessing = 0;
		};
		2B55E8FE2987EBF70091A3F9 /* Resources */ = {
			isa = PBXResourcesBuildPhase;
			buildActionMask = 2147483647;
			files = (
			);
			runOnlyForDeploymentPostprocessing = 0;
		};
/* End PBXResourcesBuildPhase section */

/* Begin PBXSourcesBuildPhase section */
		2B55E8E22987EBF40091A3F9 /* Sources */ = {
			isa = PBXSourcesBuildPhase;
			buildActionMask = 2147483647;
			files = (
				2B55E8EC2987EBF40091A3F9 /* ContentView.swift in Sources */,
				2B55E8EA2987EBF40091A3F9 /* swift_demoApp.swift in Sources */,
			);
			runOnlyForDeploymentPostprocessing = 0;
		};
		2B55E8F22987EBF70091A3F9 /* Sources */ = {
			isa = PBXSourcesBuildPhase;
			buildActionMask = 2147483647;
			files = (
				2B55E8FB2987EBF70091A3F9 /* swift_demoTests.swift in Sources */,
			);
			runOnlyForDeploymentPostprocessing = 0;
		};
		2B55E8FC2987EBF70091A3F9 /* Sources */ = {
			isa = PBXSourcesBuildPhase;
			buildActionMask = 2147483647;
			files = (
				2B55E9052987EBF70091A3F9 /* swift_demoUITests.swift in Sources */,
				2B55E9072987EBF70091A3F9 /* swift_demoUITestsLaunchTests.swift in Sources */,
			);
			runOnlyForDeploymentPostprocessing = 0;
		};
/* End PBXSourcesBuildPhase section */

/* Begin PBXTargetDependency section */
		2B55E8F82987EBF70091A3F9 /* PBXTargetDependency */ = {
			isa = PBXTargetDependency;
			target = 2B55E8E52987EBF40091A3F9 /* swift_demo */;
			targetProxy = 2B55E8F72987EBF70091A3F9 /* PBXContainerItemProxy */;
		};
		2B55E9022987EBF70091A3F9 /* PBXTargetDependency */ = {
			isa = PBXTargetDependency;
			target = 2B55E8E52987EBF40091A3F9 /* swift_demo */;
			targetProxy = 2B55E9012987EBF70091A3F9 /* PBXContainerItemProxy */;
		};
/* End PBXTargetDependency section */

/* Begin XCBuildConfiguration section */
		2B55E9082987EBF70091A3F9 /* Debug */ = {
			isa = XCBuildConfiguration;
			buildSettings = {
				ALWAYS_SEARCH_USER_PATHS = NO;
				CLANG_ANALYZER_NONNULL = YES;
				CLANG_ANALYZER_NUMBER_OBJECT_CONVERSION = YES_AGGRESSIVE;
				CLANG_CXX_LANGUAGE_STANDARD = "gnu++17";
				CLANG_ENABLE_MODULES = YES;
				CLANG_ENABLE_OBJC_ARC = YES;
				CLANG_ENABLE_OBJC_WEAK = YES;
				CLANG_WARN_BLOCK_CAPTURE_AUTORELEASING = YES;
				CLANG_WARN_BOOL_CONVERSION = YES;
				CLANG_WARN_COMMA = YES;
				CLANG_WARN_CONSTANT_CONVERSION = YES;
				CLANG_WARN_DEPRECATED_OBJC_IMPLEMENTATIONS = YES;
				CLANG_WARN_DIRECT_OBJC_ISA_USAGE = YES_ERROR;
				CLANG_WARN_DOCUMENTATION_COMMENTS = YES;
				CLANG_WARN_EMPTY_BODY = YES;
				CLANG_WARN_ENUM_CONVERSION = YES;
				CLANG_WARN_INFINITE_RECURSION = YES;
				CLANG_WARN_INT_CONVERSION = YES;
				CLANG_WARN_NON_LITERAL_NULL_CONVERSION = YES;
				CLANG_WARN_OBJC_IMPLICIT_RETAIN_SELF = YES;
				CLANG_WARN_OBJC_LITERAL_CONVERSION = YES;
				CLANG_WARN_OBJC_ROOT_CLASS = YES_ERROR;
				CLANG_WARN_QUOTED_INCLUDE_IN_FRAMEWORK_HEADER = YES;
				CLANG_WARN_RANGE_LOOP_ANALYSIS = YES;
				CLANG_WARN_STRICT_PROTOTYPES = YES;
				CLANG_WARN_SUSPICIOUS_MOVE = YES;
				CLANG_WARN_UNGUARDED_AVAILABILITY = YES_AGGRESSIVE;
				CLANG_WARN_UNREACHABLE_CODE = YES;
				CLANG_WARN__DUPLICATE_METHOD_MATCH = YES;
				COPY_PHASE_STRIP = NO;
				DEBUG_INFORMATION_FORMAT = dwarf;
				ENABLE_STRICT_OBJC_MSGSEND = YES;
				ENABLE_TESTABILITY = YES;
				GCC_C_LANGUAGE_STANDARD = gnu11;
				GCC_DYNAMIC_NO_PIC = NO;
				GCC_NO_COMMON_BLOCKS = YES;
				GCC_OPTIMIZATION_LEVEL = 0;
				GCC_PREPROCESSOR_DEFINITIONS = (
					"DEBUG=1",
					"$(inherited)",
				);
				GCC_WARN_64_TO_32_BIT_CONVERSION = YES;
				GCC_WARN_ABOUT_RETURN_TYPE = YES_ERROR;
				GCC_WARN_UNDECLARED_SELECTOR = YES;
				GCC_WARN_UNINITIALIZED_AUTOS = YES_AGGRESSIVE;
				GCC_WARN_UNUSED_FUNCTION = YES;
				GCC_WARN_UNUSED_VARIABLE = YES;
				IPHONEOS_DEPLOYMENT_TARGET = 15.5;
				MTL_ENABLE_DEBUG_INFO = INCLUDE_SOURCE;
				MTL_FAST_MATH = YES;
				ONLY_ACTIVE_ARCH = YES;
				SDKROOT = iphoneos;
				SWIFT_ACTIVE_COMPILATION_CONDITIONS = DEBUG;
				SWIFT_OPTIMIZATION_LEVEL = "-Onone";
			};
			name = Debug;
		};
		2B55E9092987EBF70091A3F9 /* Release */ = {
			isa = XCBuildConfiguration;
			buildSettings = {
				ALWAYS_SEARCH_USER_PATHS = NO;
				CLANG_ANALYZER_NONNULL = YES;
				CLANG_ANALYZER_NUMBER_OBJECT_CONVERSION = YES_AGGRESSIVE;
				CLANG_CXX_LANGUAGE_STANDARD = "gnu++17";
				CLANG_ENABLE_MODULES = YES;
				CLANG_ENABLE_OBJC_ARC = YES;
				CLANG_ENABLE_OBJC_WEAK = YES;
				CLANG_WARN_BLOCK_CAPTURE_AUTORELEASING = YES;
				CLANG_WARN_BOOL_CONVERSION = YES;
				CLANG_WARN_COMMA = YES;
				CLANG_WARN_CONSTANT_CONVERSION = YES;
				CLANG_WARN_DEPRECATED_OBJC_IMPLEMENTATIONS = YES;
				CLANG_WARN_DIRECT_OBJC_ISA_USAGE = YES_ERROR;
				CLANG_WARN_DOCUMENTATION_COMMENTS = YES;
				CLANG_WARN_EMPTY_BODY = YES;
				CLANG_WARN_ENUM_CONVERSION = YES;
				CLANG_WARN_INFINITE_RECURSION = YES;
				CLANG_WARN_INT_CONVERSION = YES;
				CLANG_WARN_NON_LITERAL_NULL_CONVERSION = YES;
				CLANG_WARN_OBJC_IMPLICIT_RETAIN_SELF = YES;
				CLANG_WARN_OBJC_LITERAL_CONVERSION = YES;
				CLANG_WARN_OBJC_ROOT_CLASS = YES_ERROR;
				CLANG_WARN_QUOTED_INCLUDE_IN_FRAMEWORK_HEADER = YES;
				CLANG_WARN_RANGE_LOOP_ANALYSIS = YES;
				CLANG_WARN_STRICT_PROTOTYPES = YES;
				CLANG_WARN_SUSPICIOUS_MOVE = YES;
				CLANG_WARN_UNGUARDED_AVAILABILITY = YES_AGGRESSIVE;
				CLANG_WARN_UNREACHABLE_CODE = YES;
				CLANG_WARN__DUPLICATE_METHOD_MATCH = YES;
				COPY_PHASE_STRIP = NO;
				DEBUG_INFORMATION_FORMAT = "dwarf-with-dsym";
				ENABLE_NS_ASSERTIONS = NO;
				ENABLE_STRICT_OBJC_MSGSEND = YES;
				GCC_C_LANGUAGE_STANDARD = gnu11;
				GCC_NO_COMMON_BLOCKS = YES;
				GCC_WARN_64_TO_32_BIT_CONVERSION = YES;
				GCC_WARN_ABOUT_RETURN_TYPE = YES_ERROR;
				GCC_WARN_UNDECLARED_SELECTOR = YES;
				GCC_WARN_UNINITIALIZED_AUTOS = YES_AGGRESSIVE;
				GCC_WARN_UNUSED_FUNCTION = YES;
				GCC_WARN_UNUSED_VARIABLE = YES;
				IPHONEOS_DEPLOYMENT_TARGET = 15.5;
				MTL_ENABLE_DEBUG_INFO = NO;
				MTL_FAST_MATH = YES;
				SDKROOT = iphoneos;
				SWIFT_COMPILATION_MODE = wholemodule;
				SWIFT_OPTIMIZATION_LEVEL = "-O";
				VALIDATE_PRODUCT = YES;
			};
			name = Release;
		};
		2B55E90B2987EBF70091A3F9 /* Debug */ = {
			isa = XCBuildConfiguration;
			buildSettings = {
				ASSETCATALOG_COMPILER_APPICON_NAME = AppIcon;
				ASSETCATALOG_COMPILER_GLOBAL_ACCENT_COLOR_NAME = AccentColor;
				CODE_SIGN_STYLE = Automatic;
				CURRENT_PROJECT_VERSION = 1;
				DEVELOPMENT_ASSET_PATHS = "\"swift_demo/Preview Content\"";
				DEVELOPMENT_TEAM = XNRP59BY92;
				ENABLE_PREVIEWS = YES;
				GENERATE_INFOPLIST_FILE = YES;
				INFOPLIST_KEY_UIApplicationSceneManifest_Generation = YES;
				INFOPLIST_KEY_UIApplicationSupportsIndirectInputEvents = YES;
				INFOPLIST_KEY_UILaunchScreen_Generation = YES;
				INFOPLIST_KEY_UISupportedInterfaceOrientations_iPad = "UIInterfaceOrientationPortrait UIInterfaceOrientationPortraitUpsideDown UIInterfaceOrientationLandscapeLeft UIInterfaceOrientationLandscapeRight";
				INFOPLIST_KEY_UISupportedInterfaceOrientations_iPhone = "UIInterfaceOrientationPortrait UIInterfaceOrientationLandscapeLeft UIInterfaceOrientationLandscapeRight";
				LD_RUNPATH_SEARCH_PATHS = (
					"$(inherited)",
					"@executable_path/Frameworks",
				);
				MARKETING_VERSION = 1.0;
				PRODUCT_BUNDLE_IDENTIFIER = "com.zchsama.swift-demo";
				PRODUCT_NAME = "$(TARGET_NAME)";
				SWIFT_EMIT_LOC_STRINGS = YES;
				SWIFT_VERSION = 5.0;
				TARGETED_DEVICE_FAMILY = "1,2";
			};
			name = Debug;
		};
		2B55E90C2987EBF70091A3F9 /* Release */ = {
			isa = XCBuildConfiguration;
			buildSettings = {
				ASSETCATALOG_COMPILER_APPICON_NAME = AppIcon;
				ASSETCATALOG_COMPILER_GLOBAL_ACCENT_COLOR_NAME = AccentColor;
				CODE_SIGN_STYLE = Automatic;
				CURRENT_PROJECT_VERSION = 1;
				DEVELOPMENT_ASSET_PATHS = "\"swift_demo/Preview Content\"";
				DEVELOPMENT_TEAM = XNRP59BY92;
				ENABLE_PREVIEWS = YES;
				GENERATE_INFOPLIST_FILE = YES;
				INFOPLIST_KEY_UIApplicationSceneManifest_Generation = YES;
				INFOPLIST_KEY_UIApplicationSupportsIndirectInputEvents = YES;
				INFOPLIST_KEY_UILaunchScreen_Generation = YES;
				INFOPLIST_KEY_UISupportedInterfaceOrientations_iPad = "UIInterfaceOrientationPortrait UIInterfaceOrientationPortraitUpsideDown UIInterfaceOrientationLandscapeLeft UIInterfaceOrientationLandscapeRight";
				INFOPLIST_KEY_UISupportedInterfaceOrientations_iPhone = "UIInterfaceOrientationPortrait UIInterfaceOrientationLandscapeLeft UIInterfaceOrientationLandscapeRight";
				LD_RUNPATH_SEARCH_PATHS = (
					"$(inherited)",
					"@executable_path/Frameworks",
				);
				MARKETING_VERSION = 1.0;
				PRODUCT_BUNDLE_IDENTIFIER = "com.zchsama.swift-demo";
				PRODUCT_NAME = "$(TARGET_NAME)";
				SWIFT_EMIT_LOC_STRINGS = YES;
				SWIFT_VERSION = 5.0;
				TARGETED_DEVICE_FAMILY = "1,2";
			};
			name = Release;
		};
		2B55E90E2987EBF70091A3F9 /* Debug */ = {
			isa = XCBuildConfiguration;
			buildSettings = {
				ALWAYS_EMBED_SWIFT_STANDARD_LIBRARIES = YES;
				BUNDLE_LOADER = "$(TEST_HOST)";
				CODE_SIGN_STYLE = Automatic;
				CURRENT_PROJECT_VERSION = 1;
				DEVELOPMENT_TEAM = XNRP59BY92;
				GENERATE_INFOPLIST_FILE = YES;
				IPHONEOS_DEPLOYMENT_TARGET = 15.5;
				MARKETING_VERSION = 1.0;
				PRODUCT_BUNDLE_IDENTIFIER = "com.zchsama.swift-demoTests";
				PRODUCT_NAME = "$(TARGET_NAME)";
				SWIFT_EMIT_LOC_STRINGS = NO;
				SWIFT_VERSION = 5.0;
				TARGETED_DEVICE_FAMILY = "1,2";
				TEST_HOST = "$(BUILT_PRODUCTS_DIR)/swift_demo.app/swift_demo";
			};
			name = Debug;
		};
		2B55E90F2987EBF70091A3F9 /* Release */ = {
			isa = XCBuildConfiguration;
			buildSettings = {
				ALWAYS_EMBED_SWIFT_STANDARD_LIBRARIES = YES;
				BUNDLE_LOADER = "$(TEST_HOST)";
				CODE_SIGN_STYLE = Automatic;
				CURRENT_PROJECT_VERSION = 1;
				DEVELOPMENT_TEAM = XNRP59BY92;
				GENERATE_INFOPLIST_FILE = YES;
				IPHONEOS_DEPLOYMENT_TARGET = 15.5;
				MARKETING_VERSION = 1.0;
				PRODUCT_BUNDLE_IDENTIFIER = "com.zchsama.swift-demoTests";
				PRODUCT_NAME = "$(TARGET_NAME)";
				SWIFT_EMIT_LOC_STRINGS = NO;
				SWIFT_VERSION = 5.0;
				TARGETED_DEVICE_FAMILY = "1,2";
				TEST_HOST = "$(BUILT_PRODUCTS_DIR)/swift_demo.app/swift_demo";
			};
			name = Release;
		};
		2B55E9112987EBF70091A3F9 /* Debug */ = {
			isa = XCBuildConfiguration;
			buildSettings = {
				ALWAYS_EMBED_SWIFT_STANDARD_LIBRARIES = YES;
				CODE_SIGN_STYLE = Automatic;
				CURRENT_PROJECT_VERSION = 1;
				DEVELOPMENT_TEAM = XNRP59BY92;
				GENERATE_INFOPLIST_FILE = YES;
				MARKETING_VERSION = 1.0;
				PRODUCT_BUNDLE_IDENTIFIER = "com.zchsama.swift-demoUITests";
				PRODUCT_NAME = "$(TARGET_NAME)";
				SWIFT_EMIT_LOC_STRINGS = NO;
				SWIFT_VERSION = 5.0;
				TARGETED_DEVICE_FAMILY = "1,2";
				TEST_TARGET_NAME = swift_demo;
			};
			name = Debug;
		};
		2B55E9122987EBF70091A3F9 /* Release */ = {
			isa = XCBuildConfiguration;
			buildSettings = {
				ALWAYS_EMBED_SWIFT_STANDARD_LIBRARIES = YES;
				CODE_SIGN_STYLE = Automatic;
				CURRENT_PROJECT_VERSION = 1;
				DEVELOPMENT_TEAM = XNRP59BY92;
				GENERATE_INFOPLIST_FILE = YES;
				MARKETING_VERSION = 1.0;
				PRODUCT_BUNDLE_IDENTIFIER = "com.zchsama.swift-demoUITests";
				PRODUCT_NAME = "$(TARGET_NAME)";
				SWIFT_EMIT_LOC_STRINGS = NO;
				SWIFT_VERSION = 5.0;
				TARGETED_DEVICE_FAMILY = "1,2";
				TEST_TARGET_NAME = swift_demo;
			};
			name = Release;
		};
/* End XCBuildConfiguration section */

/* Begin XCConfigurationList section */
		2B55E8E12987EBF40091A3F9 /* Build configuration list for PBXProject "swift_demo" */ = {
			isa = XCConfigurationList;
			buildConfigurations = (
				2B55E9082987EBF70091A3F9 /* Debug */,
				2B55E9092987EBF70091A3F9 /* Release */,
			);
			defaultConfigurationIsVisible = 0;
			defaultConfigurationName = Release;
		};
		2B55E90A2987EBF70091A3F9 /* Build configuration list for PBXNativeTarget "swift_demo" */ = {
			isa = XCConfigurationList;
			buildConfigurations = (
				2B55E90B2987EBF70091A3F9 /* Debug */,
				2B55E90C2987EBF70091A3F9 /* Release */,
			);
			defaultConfigurationIsVisible = 0;
			defaultConfigurationName = Release;
		};
		2B55E90D2987EBF70091A3F9 /* Build configuration list for PBXNativeTarget "swift_demoTests" */ = {
			isa = XCConfigurationList;
			buildConfigurations = (
				2B55E90E2987EBF70091A3F9 /* Debug */,
				2B55E90F2987EBF70091A3F9 /* Release */,
			);
			defaultConfigurationIsVisible = 0;
			defaultConfigurationName = Release;
		};
		2B55E9102987EBF70091A3F9 /* Build configuration list for PBXNativeTarget "swift_demoUITests" */ = {
			isa = XCConfigurationList;
			buildConfigurations = (
				2B55E9112987EBF70091A3F9 /* Debug */,
				2B55E9122987EBF70091A3F9 /* Release */,
			);
			defaultConfigurationIsVisible = 0;
			defaultConfigurationName = Release;
		};
/* End XCConfigurationList section */
	};
	rootObject = 2B55E8DE2987EBF40091A3F9 /* Project object */;
}
